// !$*UTF8*$!
{
	archiveVersion = 1;
	classes = {
	};
	objectVersion = 46;
	objects = {

/* Begin PBXBuildFile section */
		A262F2AA0A4B37BA8148E260 /* Pods_LabraFilmsUITests.framework in Frameworks */ = {isa = PBXBuildFile; fileRef = A9DB691420071C703E2CCA38 /* Pods_LabraFilmsUITests.framework */; };
		C6586D7238F6D854B807193F /* Pods_LabraFilms.framework in Frameworks */ = {isa = PBXBuildFile; fileRef = DA1B0AD875E4CB8674A3841D /* Pods_LabraFilms.framework */; };
		F4F8C97F6270A0293BB74BA1 /* Pods_LabraFilmsTests.framework in Frameworks */ = {isa = PBXBuildFile; fileRef = 79BA5BBADE12DAC09E0E9583 /* Pods_LabraFilmsTests.framework */; };
		F50943031F4C4DBC00E42A7C /* AppDelegate.swift in Sources */ = {isa = PBXBuildFile; fileRef = F50943021F4C4DBC00E42A7C /* AppDelegate.swift */; };
		F50943051F4C4DBC00E42A7C /* MovieViewController.swift in Sources */ = {isa = PBXBuildFile; fileRef = F50943041F4C4DBC00E42A7C /* MovieViewController.swift */; };
		F50943071F4C4DBC00E42A7C /* SeriesViewController.swift in Sources */ = {isa = PBXBuildFile; fileRef = F50943061F4C4DBC00E42A7C /* SeriesViewController.swift */; };
		F509430A1F4C4DBC00E42A7C /* Main.storyboard in Resources */ = {isa = PBXBuildFile; fileRef = F50943081F4C4DBC00E42A7C /* Main.storyboard */; };
		F509430C1F4C4DBC00E42A7C /* Assets.xcassets in Resources */ = {isa = PBXBuildFile; fileRef = F509430B1F4C4DBC00E42A7C /* Assets.xcassets */; };
		F509430F1F4C4DBC00E42A7C /* LaunchScreen.storyboard in Resources */ = {isa = PBXBuildFile; fileRef = F509430D1F4C4DBC00E42A7C /* LaunchScreen.storyboard */; };
		F50943381F4C545D00E42A7C /* Constants.swift in Sources */ = {isa = PBXBuildFile; fileRef = F50943371F4C545D00E42A7C /* Constants.swift */; };
		F509433A1F4C558900E42A7C /* Film.swift in Sources */ = {isa = PBXBuildFile; fileRef = F50943391F4C558900E42A7C /* Film.swift */; };
		F509433D1F4C58BB00E42A7C /* NetworkManager.swift in Sources */ = {isa = PBXBuildFile; fileRef = F509433C1F4C58BB00E42A7C /* NetworkManager.swift */; };
		F54E22291F52E070000DB442 /* BaseViewController.swift in Sources */ = {isa = PBXBuildFile; fileRef = F54E22281F52E070000DB442 /* BaseViewController.swift */; };
		F57446F91F5EBE020083EEA1 /* CustomTableViewCell.swift in Sources */ = {isa = PBXBuildFile; fileRef = F57446F71F5EBE020083EEA1 /* CustomTableViewCell.swift */; };
		F57446FA1F5EBE020083EEA1 /* CustomTableViewCell.xib in Resources */ = {isa = PBXBuildFile; fileRef = F57446F81F5EBE020083EEA1 /* CustomTableViewCell.xib */; };
		F5E7D7721F66748A008152DA /* SeriesDetail.swift in Sources */ = {isa = PBXBuildFile; fileRef = F5E7D7711F66748A008152DA /* SeriesDetail.swift */; };
		F5EBDB3B1F517D0500AA5B0D /* ActionSheets.swift in Sources */ = {isa = PBXBuildFile; fileRef = F5EBDB3A1F517D0500AA5B0D /* ActionSheets.swift */; };
		F5EBDB3D1F51811000AA5B0D /* VideoProvider.swift in Sources */ = {isa = PBXBuildFile; fileRef = F5EBDB3C1F51811000AA5B0D /* VideoProvider.swift */; };
		F5EF3CF11F57E70C006991A3 /* Caps.swift in Sources */ = {isa = PBXBuildFile; fileRef = F5EF3CF01F57E70C006991A3 /* Caps.swift */; };
		F5F1E1AB1F53F1C0005F40AA /* Series.swift in Sources */ = {isa = PBXBuildFile; fileRef = F5F1E1AA1F53F1C0005F40AA /* Series.swift */; };
		F5F1E1AD1F5454C1005F40AA /* SearchViewController.swift in Sources */ = {isa = PBXBuildFile; fileRef = F5F1E1AC1F5454C1005F40AA /* SearchViewController.swift */; };
		F5F5E87C1F4D805F0020B33C /* MovieDetailViewController.swift in Sources */ = {isa = PBXBuildFile; fileRef = F5F5E87B1F4D805F0020B33C /* MovieDetailViewController.swift */; };
		F5F5E87E1F4D8A620020B33C /* FilmDetail.swift in Sources */ = {isa = PBXBuildFile; fileRef = F5F5E87D1F4D8A620020B33C /* FilmDetail.swift */; };
/* End PBXBuildFile section */

/* Begin PBXContainerItemProxy section */
		F50943161F4C4DBC00E42A7C /* PBXContainerItemProxy */ = {
			isa = PBXContainerItemProxy;
			containerPortal = F50942F71F4C4DBC00E42A7C /* Project object */;
			proxyType = 1;
			remoteGlobalIDString = F50942FE1F4C4DBC00E42A7C;
			remoteInfo = LabraFilms;
		};
		F50943211F4C4DBC00E42A7C /* PBXContainerItemProxy */ = {
			isa = PBXContainerItemProxy;
			containerPortal = F50942F71F4C4DBC00E42A7C /* Project object */;
			proxyType = 1;
			remoteGlobalIDString = F50942FE1F4C4DBC00E42A7C;
			remoteInfo = LabraFilms;
		};
/* End PBXContainerItemProxy section */

/* Begin PBXFileReference section */
		08A3AA55FEB409C67EFE527B /* Pods-LabraFilms.release.xcconfig */ = {isa = PBXFileReference; includeInIndex = 1; lastKnownFileType = text.xcconfig; name = "Pods-LabraFilms.release.xcconfig"; path = "Pods/Target Support Files/Pods-LabraFilms/Pods-LabraFilms.release.xcconfig"; sourceTree = "<group>"; };
		5741A369372923BB09AA2525 /* Pods-LabraFilmsTests.release.xcconfig */ = {isa = PBXFileReference; includeInIndex = 1; lastKnownFileType = text.xcconfig; name = "Pods-LabraFilmsTests.release.xcconfig"; path = "Pods/Target Support Files/Pods-LabraFilmsTests/Pods-LabraFilmsTests.release.xcconfig"; sourceTree = "<group>"; };
		66453A4D189621FFAB1DE23C /* Pods-LabraFilmsUITests.debug.xcconfig */ = {isa = PBXFileReference; includeInIndex = 1; lastKnownFileType = text.xcconfig; name = "Pods-LabraFilmsUITests.debug.xcconfig"; path = "Pods/Target Support Files/Pods-LabraFilmsUITests/Pods-LabraFilmsUITests.debug.xcconfig"; sourceTree = "<group>"; };
		72A2621BDFA64149165964B6 /* Pods-LabraFilmsTests.debug.xcconfig */ = {isa = PBXFileReference; includeInIndex = 1; lastKnownFileType = text.xcconfig; name = "Pods-LabraFilmsTests.debug.xcconfig"; path = "Pods/Target Support Files/Pods-LabraFilmsTests/Pods-LabraFilmsTests.debug.xcconfig"; sourceTree = "<group>"; };
		79BA5BBADE12DAC09E0E9583 /* Pods_LabraFilmsTests.framework */ = {isa = PBXFileReference; explicitFileType = wrapper.framework; includeInIndex = 0; path = Pods_LabraFilmsTests.framework; sourceTree = BUILT_PRODUCTS_DIR; };
		7A1B40AA58D65325A0AB02F4 /* Pods-LabraFilmsUITests.release.xcconfig */ = {isa = PBXFileReference; includeInIndex = 1; lastKnownFileType = text.xcconfig; name = "Pods-LabraFilmsUITests.release.xcconfig"; path = "Pods/Target Support Files/Pods-LabraFilmsUITests/Pods-LabraFilmsUITests.release.xcconfig"; sourceTree = "<group>"; };
		9BC91FC451626805CF1077A0 /* Pods-LabraFilms.debug.xcconfig */ = {isa = PBXFileReference; includeInIndex = 1; lastKnownFileType = text.xcconfig; name = "Pods-LabraFilms.debug.xcconfig"; path = "Pods/Target Support Files/Pods-LabraFilms/Pods-LabraFilms.debug.xcconfig"; sourceTree = "<group>"; };
		A9DB691420071C703E2CCA38 /* Pods_LabraFilmsUITests.framework */ = {isa = PBXFileReference; explicitFileType = wrapper.framework; includeInIndex = 0; path = Pods_LabraFilmsUITests.framework; sourceTree = BUILT_PRODUCTS_DIR; };
		DA1B0AD875E4CB8674A3841D /* Pods_LabraFilms.framework */ = {isa = PBXFileReference; explicitFileType = wrapper.framework; includeInIndex = 0; path = Pods_LabraFilms.framework; sourceTree = BUILT_PRODUCTS_DIR; };
		F50942FF1F4C4DBC00E42A7C /* LabraFilms.app */ = {isa = PBXFileReference; explicitFileType = wrapper.application; includeInIndex = 0; path = LabraFilms.app; sourceTree = BUILT_PRODUCTS_DIR; };
		F50943021F4C4DBC00E42A7C /* AppDelegate.swift */ = {isa = PBXFileReference; lastKnownFileType = sourcecode.swift; path = AppDelegate.swift; sourceTree = "<group>"; };
		F50943041F4C4DBC00E42A7C /* MovieViewController.swift */ = {isa = PBXFileReference; lastKnownFileType = sourcecode.swift; path = MovieViewController.swift; sourceTree = "<group>"; };
		F50943061F4C4DBC00E42A7C /* SeriesViewController.swift */ = {isa = PBXFileReference; lastKnownFileType = sourcecode.swift; path = SeriesViewController.swift; sourceTree = "<group>"; };
		F50943091F4C4DBC00E42A7C /* Base */ = {isa = PBXFileReference; lastKnownFileType = file.storyboard; name = Base; path = Base.lproj/Main.storyboard; sourceTree = "<group>"; };
		F509430B1F4C4DBC00E42A7C /* Assets.xcassets */ = {isa = PBXFileReference; lastKnownFileType = folder.assetcatalog; path = Assets.xcassets; sourceTree = "<group>"; };
		F509430E1F4C4DBC00E42A7C /* Base */ = {isa = PBXFileReference; lastKnownFileType = file.storyboard; name = Base; path = Base.lproj/LaunchScreen.storyboard; sourceTree = "<group>"; };
		F50943101F4C4DBC00E42A7C /* Info.plist */ = {isa = PBXFileReference; lastKnownFileType = text.plist.xml; path = Info.plist; sourceTree = "<group>"; };
		F50943151F4C4DBC00E42A7C /* LabraFilmsTests.xctest */ = {isa = PBXFileReference; explicitFileType = wrapper.cfbundle; includeInIndex = 0; path = LabraFilmsTests.xctest; sourceTree = BUILT_PRODUCTS_DIR; };
		F50943201F4C4DBC00E42A7C /* LabraFilmsUITests.xctest */ = {isa = PBXFileReference; explicitFileType = wrapper.cfbundle; includeInIndex = 0; path = LabraFilmsUITests.xctest; sourceTree = BUILT_PRODUCTS_DIR; };
		F50943371F4C545D00E42A7C /* Constants.swift */ = {isa = PBXFileReference; fileEncoding = 4; lastKnownFileType = sourcecode.swift; path = Constants.swift; sourceTree = "<group>"; };
		F50943391F4C558900E42A7C /* Film.swift */ = {isa = PBXFileReference; fileEncoding = 4; lastKnownFileType = sourcecode.swift; path = Film.swift; sourceTree = "<group>"; };
		F509433C1F4C58BB00E42A7C /* NetworkManager.swift */ = {isa = PBXFileReference; fileEncoding = 4; lastKnownFileType = sourcecode.swift; path = NetworkManager.swift; sourceTree = "<group>"; };
		F54E22281F52E070000DB442 /* BaseViewController.swift */ = {isa = PBXFileReference; fileEncoding = 4; lastKnownFileType = sourcecode.swift; path = BaseViewController.swift; sourceTree = "<group>"; };
		F57446F71F5EBE020083EEA1 /* CustomTableViewCell.swift */ = {isa = PBXFileReference; fileEncoding = 4; lastKnownFileType = sourcecode.swift; path = CustomTableViewCell.swift; sourceTree = "<group>"; };
		F57446F81F5EBE020083EEA1 /* CustomTableViewCell.xib */ = {isa = PBXFileReference; fileEncoding = 4; lastKnownFileType = file.xib; path = CustomTableViewCell.xib; sourceTree = "<group>"; };
		F5E7D7711F66748A008152DA /* SeriesDetail.swift */ = {isa = PBXFileReference; fileEncoding = 4; lastKnownFileType = sourcecode.swift; path = SeriesDetail.swift; sourceTree = "<group>"; };
		F5EBDB3A1F517D0500AA5B0D /* ActionSheets.swift */ = {isa = PBXFileReference; fileEncoding = 4; lastKnownFileType = sourcecode.swift; path = ActionSheets.swift; sourceTree = "<group>"; };
		F5EBDB3C1F51811000AA5B0D /* VideoProvider.swift */ = {isa = PBXFileReference; fileEncoding = 4; lastKnownFileType = sourcecode.swift; path = VideoProvider.swift; sourceTree = "<group>"; };
		F5EF3CF01F57E70C006991A3 /* Caps.swift */ = {isa = PBXFileReference; fileEncoding = 4; lastKnownFileType = sourcecode.swift; path = Caps.swift; sourceTree = "<group>"; };
		F5F1E1AA1F53F1C0005F40AA /* Series.swift */ = {isa = PBXFileReference; fileEncoding = 4; lastKnownFileType = sourcecode.swift; path = Series.swift; sourceTree = "<group>"; };
		F5F1E1AC1F5454C1005F40AA /* SearchViewController.swift */ = {isa = PBXFileReference; fileEncoding = 4; lastKnownFileType = sourcecode.swift; path = SearchViewController.swift; sourceTree = "<group>"; };
		F5F5E87B1F4D805F0020B33C /* MovieDetailViewController.swift */ = {isa = PBXFileReference; fileEncoding = 4; lastKnownFileType = sourcecode.swift; path = MovieDetailViewController.swift; sourceTree = "<group>"; };
		F5F5E87D1F4D8A620020B33C /* FilmDetail.swift */ = {isa = PBXFileReference; fileEncoding = 4; lastKnownFileType = sourcecode.swift; path = FilmDetail.swift; sourceTree = "<group>"; };
/* End PBXFileReference section */

/* Begin PBXFrameworksBuildPhase section */
		F50942FC1F4C4DBC00E42A7C /* Frameworks */ = {
			isa = PBXFrameworksBuildPhase;
			buildActionMask = 2147483647;
			files = (
				C6586D7238F6D854B807193F /* Pods_LabraFilms.framework in Frameworks */,
			);
			runOnlyForDeploymentPostprocessing = 0;
		};
		F50943121F4C4DBC00E42A7C /* Frameworks */ = {
			isa = PBXFrameworksBuildPhase;
			buildActionMask = 2147483647;
			files = (
				F4F8C97F6270A0293BB74BA1 /* Pods_LabraFilmsTests.framework in Frameworks */,
			);
			runOnlyForDeploymentPostprocessing = 0;
		};
		F509431D1F4C4DBC00E42A7C /* Frameworks */ = {
			isa = PBXFrameworksBuildPhase;
			buildActionMask = 2147483647;
			files = (
				A262F2AA0A4B37BA8148E260 /* Pods_LabraFilmsUITests.framework in Frameworks */,
			);
			runOnlyForDeploymentPostprocessing = 0;
		};
/* End PBXFrameworksBuildPhase section */

/* Begin PBXGroup section */
		72E1FF87E39083ACF4D0A222 /* Frameworks */ = {
			isa = PBXGroup;
			children = (
				DA1B0AD875E4CB8674A3841D /* Pods_LabraFilms.framework */,
				79BA5BBADE12DAC09E0E9583 /* Pods_LabraFilmsTests.framework */,
				A9DB691420071C703E2CCA38 /* Pods_LabraFilmsUITests.framework */,
			);
			name = Frameworks;
			sourceTree = "<group>";
		};
		A2265B4E5D9448B56762BA25 /* Pods */ = {
			isa = PBXGroup;
			children = (
				9BC91FC451626805CF1077A0 /* Pods-LabraFilms.debug.xcconfig */,
				08A3AA55FEB409C67EFE527B /* Pods-LabraFilms.release.xcconfig */,
				72A2621BDFA64149165964B6 /* Pods-LabraFilmsTests.debug.xcconfig */,
				5741A369372923BB09AA2525 /* Pods-LabraFilmsTests.release.xcconfig */,
				66453A4D189621FFAB1DE23C /* Pods-LabraFilmsUITests.debug.xcconfig */,
				7A1B40AA58D65325A0AB02F4 /* Pods-LabraFilmsUITests.release.xcconfig */,
			);
			name = Pods;
			sourceTree = "<group>";
		};
		F50942F61F4C4DBC00E42A7C = {
			isa = PBXGroup;
			children = (
				F50943011F4C4DBC00E42A7C /* LabraFilms */,
				F50943001F4C4DBC00E42A7C /* Products */,
				A2265B4E5D9448B56762BA25 /* Pods */,
				72E1FF87E39083ACF4D0A222 /* Frameworks */,
			);
			sourceTree = "<group>";
		};
		F50943001F4C4DBC00E42A7C /* Products */ = {
			isa = PBXGroup;
			children = (
				F50942FF1F4C4DBC00E42A7C /* LabraFilms.app */,
				F50943151F4C4DBC00E42A7C /* LabraFilmsTests.xctest */,
				F50943201F4C4DBC00E42A7C /* LabraFilmsUITests.xctest */,
			);
			name = Products;
			sourceTree = "<group>";
		};
		F50943011F4C4DBC00E42A7C /* LabraFilms */ = {
			isa = PBXGroup;
			children = (
				F50943081F4C4DBC00E42A7C /* Main.storyboard */,
				F57446F81F5EBE020083EEA1 /* CustomTableViewCell.xib */,
				F50943021F4C4DBC00E42A7C /* AppDelegate.swift */,
				F50943371F4C545D00E42A7C /* Constants.swift */,
				F509433B1F4C58A300E42A7C /* Managers */,
				F50943321F4C52CC00E42A7C /* Controller */,
				F50943331F4C52DE00E42A7C /* View */,
				F50943341F4C52F900E42A7C /* Model */,
				F509430B1F4C4DBC00E42A7C /* Assets.xcassets */,
				F509430D1F4C4DBC00E42A7C /* LaunchScreen.storyboard */,
				F50943101F4C4DBC00E42A7C /* Info.plist */,
			);
			path = LabraFilms;
			sourceTree = "<group>";
		};
		F50943321F4C52CC00E42A7C /* Controller */ = {
			isa = PBXGroup;
			children = (
				F54E22281F52E070000DB442 /* BaseViewController.swift */,
				F50943041F4C4DBC00E42A7C /* MovieViewController.swift */,
				F50943061F4C4DBC00E42A7C /* SeriesViewController.swift */,
				F5F5E87B1F4D805F0020B33C /* MovieDetailViewController.swift */,
				F5F1E1AC1F5454C1005F40AA /* SearchViewController.swift */,
			);
			name = Controller;
			sourceTree = "<group>";
		};
		F50943331F4C52DE00E42A7C /* View */ = {
			isa = PBXGroup;
			children = (
				F57446F71F5EBE020083EEA1 /* CustomTableViewCell.swift */,
			);
			name = View;
			sourceTree = "<group>";
		};
		F50943341F4C52F900E42A7C /* Model */ = {
			isa = PBXGroup;
			children = (
				F50943391F4C558900E42A7C /* Film.swift */,
				F5F1E1AA1F53F1C0005F40AA /* Series.swift */,
				F5F5E87D1F4D8A620020B33C /* FilmDetail.swift */,
				F5E7D7711F66748A008152DA /* SeriesDetail.swift */,
			);
			name = Model;
			sourceTree = "<group>";
		};
		F509433B1F4C58A300E42A7C /* Managers */ = {
			isa = PBXGroup;
			children = (
				F5EBDB3A1F517D0500AA5B0D /* ActionSheets.swift */,
				F5EBDB3C1F51811000AA5B0D /* VideoProvider.swift */,
				F509433C1F4C58BB00E42A7C /* NetworkManager.swift */,
				F5EF3CF01F57E70C006991A3 /* Caps.swift */,
			);
			name = Managers;
			sourceTree = "<group>";
		};
/* End PBXGroup section */

/* Begin PBXNativeTarget section */
		F50942FE1F4C4DBC00E42A7C /* LabraFilms */ = {
			isa = PBXNativeTarget;
			buildConfigurationList = F50943291F4C4DBC00E42A7C /* Build configuration list for PBXNativeTarget "LabraFilms" */;
			buildPhases = (
				8DDADFB82B3D801E0B787CC7 /* [CP] Check Pods Manifest.lock */,
				F50942FB1F4C4DBC00E42A7C /* Sources */,
				F50942FC1F4C4DBC00E42A7C /* Frameworks */,
				F50942FD1F4C4DBC00E42A7C /* Resources */,
				15D983A38E1B68B22621D1A1 /* [CP] Embed Pods Frameworks */,
				EC7734F1C54E2504F2BCB15D /* [CP] Copy Pods Resources */,
			);
			buildRules = (
			);
			dependencies = (
			);
			name = LabraFilms;
			productName = LabraFilms;
			productReference = F50942FF1F4C4DBC00E42A7C /* LabraFilms.app */;
			productType = "com.apple.product-type.application";
		};
		F50943141F4C4DBC00E42A7C /* LabraFilmsTests */ = {
			isa = PBXNativeTarget;
			buildConfigurationList = F509432C1F4C4DBC00E42A7C /* Build configuration list for PBXNativeTarget "LabraFilmsTests" */;
			buildPhases = (
				4EDAE4FBDB48DD4F6322226E /* [CP] Check Pods Manifest.lock */,
				F50943111F4C4DBC00E42A7C /* Sources */,
				F50943121F4C4DBC00E42A7C /* Frameworks */,
				F50943131F4C4DBC00E42A7C /* Resources */,
				B378F06BD7C51322C1F352E7 /* [CP] Embed Pods Frameworks */,
				6FB2B401BAF283FF9E48954A /* [CP] Copy Pods Resources */,
			);
			buildRules = (
			);
			dependencies = (
				F50943171F4C4DBC00E42A7C /* PBXTargetDependency */,
			);
			name = LabraFilmsTests;
			productName = LabraFilmsTests;
			productReference = F50943151F4C4DBC00E42A7C /* LabraFilmsTests.xctest */;
			productType = "com.apple.product-type.bundle.unit-test";
		};
		F509431F1F4C4DBC00E42A7C /* LabraFilmsUITests */ = {
			isa = PBXNativeTarget;
			buildConfigurationList = F509432F1F4C4DBC00E42A7C /* Build configuration list for PBXNativeTarget "LabraFilmsUITests" */;
			buildPhases = (
				68A3038E92F903D12C2A83A7 /* [CP] Check Pods Manifest.lock */,
				F509431C1F4C4DBC00E42A7C /* Sources */,
				F509431D1F4C4DBC00E42A7C /* Frameworks */,
				F509431E1F4C4DBC00E42A7C /* Resources */,
				984D993777F17C059289D703 /* [CP] Embed Pods Frameworks */,
				7CB5C076A88FED93F0393DD5 /* [CP] Copy Pods Resources */,
			);
			buildRules = (
			);
			dependencies = (
				F50943221F4C4DBC00E42A7C /* PBXTargetDependency */,
			);
			name = LabraFilmsUITests;
			productName = LabraFilmsUITests;
			productReference = F50943201F4C4DBC00E42A7C /* LabraFilmsUITests.xctest */;
			productType = "com.apple.product-type.bundle.ui-testing";
		};
/* End PBXNativeTarget section */

/* Begin PBXProject section */
		F50942F71F4C4DBC00E42A7C /* Project object */ = {
			isa = PBXProject;
			attributes = {
				LastSwiftUpdateCheck = 0830;
				LastUpgradeCheck = 0830;
				ORGANIZATIONNAME = vlad;
				TargetAttributes = {
					F50942FE1F4C4DBC00E42A7C = {
						CreatedOnToolsVersion = 8.3.3;
						DevelopmentTeam = NYBC469U45;
						ProvisioningStyle = Automatic;
					};
					F50943141F4C4DBC00E42A7C = {
						CreatedOnToolsVersion = 8.3.3;
						ProvisioningStyle = Automatic;
						TestTargetID = F50942FE1F4C4DBC00E42A7C;
					};
					F509431F1F4C4DBC00E42A7C = {
						CreatedOnToolsVersion = 8.3.3;
						ProvisioningStyle = Automatic;
						TestTargetID = F50942FE1F4C4DBC00E42A7C;
					};
				};
			};
			buildConfigurationList = F50942FA1F4C4DBC00E42A7C /* Build configuration list for PBXProject "LabraFilms" */;
			compatibilityVersion = "Xcode 3.2";
			developmentRegion = English;
			hasScannedForEncodings = 0;
			knownRegions = (
				en,
				Base,
			);
			mainGroup = F50942F61F4C4DBC00E42A7C;
			productRefGroup = F50943001F4C4DBC00E42A7C /* Products */;
			projectDirPath = "";
			projectRoot = "";
			targets = (
				F50942FE1F4C4DBC00E42A7C /* LabraFilms */,
				F50943141F4C4DBC00E42A7C /* LabraFilmsTests */,
				F509431F1F4C4DBC00E42A7C /* LabraFilmsUITests */,
			);
		};
/* End PBXProject section */

/* Begin PBXResourcesBuildPhase section */
		F50942FD1F4C4DBC00E42A7C /* Resources */ = {
			isa = PBXResourcesBuildPhase;
			buildActionMask = 2147483647;
			files = (
				F509430F1F4C4DBC00E42A7C /* LaunchScreen.storyboard in Resources */,
				F509430C1F4C4DBC00E42A7C /* Assets.xcassets in Resources */,
				F57446FA1F5EBE020083EEA1 /* CustomTableViewCell.xib in Resources */,
				F509430A1F4C4DBC00E42A7C /* Main.storyboard in Resources */,
			);
			runOnlyForDeploymentPostprocessing = 0;
		};
		F50943131F4C4DBC00E42A7C /* Resources */ = {
			isa = PBXResourcesBuildPhase;
			buildActionMask = 2147483647;
			files = (
			);
			runOnlyForDeploymentPostprocessing = 0;
		};
		F509431E1F4C4DBC00E42A7C /* Resources */ = {
			isa = PBXResourcesBuildPhase;
			buildActionMask = 2147483647;
			files = (
			);
			runOnlyForDeploymentPostprocessing = 0;
		};
/* End PBXResourcesBuildPhase section */

/* Begin PBXShellScriptBuildPhase section */
		15D983A38E1B68B22621D1A1 /* [CP] Embed Pods Frameworks */ = {
			isa = PBXShellScriptBuildPhase;
			buildActionMask = 2147483647;
			files = (
			);
			inputPaths = (
				"${SRCROOT}/Pods/Target Support Files/Pods-LabraFilms/Pods-LabraFilms-frameworks.sh",
				"${BUILT_PRODUCTS_DIR}/Alamofire/Alamofire.framework",
				"${BUILT_PRODUCTS_DIR}/SwiftyJSON/SwiftyJSON.framework",
			);
			name = "[CP] Embed Pods Frameworks";
			outputPaths = (
				"${TARGET_BUILD_DIR}/${FRAMEWORKS_FOLDER_PATH}/Alamofire.framework",
				"${TARGET_BUILD_DIR}/${FRAMEWORKS_FOLDER_PATH}/SwiftyJSON.framework",
			);
			runOnlyForDeploymentPostprocessing = 0;
			shellPath = /bin/sh;
			shellScript = "\"${SRCROOT}/Pods/Target Support Files/Pods-LabraFilms/Pods-LabraFilms-frameworks.sh\"\n";
			showEnvVarsInLog = 0;
		};
		4EDAE4FBDB48DD4F6322226E /* [CP] Check Pods Manifest.lock */ = {
			isa = PBXShellScriptBuildPhase;
			buildActionMask = 2147483647;
			files = (
			);
			inputPaths = (
				"${PODS_PODFILE_DIR_PATH}/Podfile.lock",
				"${PODS_ROOT}/Manifest.lock",
			);
			name = "[CP] Check Pods Manifest.lock";
			outputPaths = (
				"$(DERIVED_FILE_DIR)/Pods-LabraFilmsTests-checkManifestLockResult.txt",
			);
			runOnlyForDeploymentPostprocessing = 0;
			shellPath = /bin/sh;
			shellScript = "diff \"${PODS_PODFILE_DIR_PATH}/Podfile.lock\" \"${PODS_ROOT}/Manifest.lock\" > /dev/null\nif [ $? != 0 ] ; then\n    # print error to STDERR\n    echo \"error: The sandbox is not in sync with the Podfile.lock. Run 'pod install' or update your CocoaPods installation.\" >&2\n    exit 1\nfi\n# This output is used by Xcode 'outputs' to avoid re-running this script phase.\necho \"SUCCESS\" > \"${SCRIPT_OUTPUT_FILE_0}\"\n";
			showEnvVarsInLog = 0;
		};
		68A3038E92F903D12C2A83A7 /* [CP] Check Pods Manifest.lock */ = {
			isa = PBXShellScriptBuildPhase;
			buildActionMask = 2147483647;
			files = (
			);
			inputPaths = (
				"${PODS_PODFILE_DIR_PATH}/Podfile.lock",
				"${PODS_ROOT}/Manifest.lock",
			);
			name = "[CP] Check Pods Manifest.lock";
			outputPaths = (
				"$(DERIVED_FILE_DIR)/Pods-LabraFilmsUITests-checkManifestLockResult.txt",
			);
			runOnlyForDeploymentPostprocessing = 0;
			shellPath = /bin/sh;
			shellScript = "diff \"${PODS_PODFILE_DIR_PATH}/Podfile.lock\" \"${PODS_ROOT}/Manifest.lock\" > /dev/null\nif [ $? != 0 ] ; then\n    # print error to STDERR\n    echo \"error: The sandbox is not in sync with the Podfile.lock. Run 'pod install' or update your CocoaPods installation.\" >&2\n    exit 1\nfi\n# This output is used by Xcode 'outputs' to avoid re-running this script phase.\necho \"SUCCESS\" > \"${SCRIPT_OUTPUT_FILE_0}\"\n";
			showEnvVarsInLog = 0;
		};
		6FB2B401BAF283FF9E48954A /* [CP] Copy Pods Resources */ = {
			isa = PBXShellScriptBuildPhase;
			buildActionMask = 2147483647;
			files = (
			);
			inputPaths = (
			);
			name = "[CP] Copy Pods Resources";
			outputPaths = (
			);
			runOnlyForDeploymentPostprocessing = 0;
			shellPath = /bin/sh;
			shellScript = "\"${SRCROOT}/Pods/Target Support Files/Pods-LabraFilmsTests/Pods-LabraFilmsTests-resources.sh\"\n";
			showEnvVarsInLog = 0;
		};
		7CB5C076A88FED93F0393DD5 /* [CP] Copy Pods Resources */ = {
			isa = PBXShellScriptBuildPhase;
			buildActionMask = 2147483647;
			files = (
			);
			inputPaths = (
			);
			name = "[CP] Copy Pods Resources";
			outputPaths = (
			);
			runOnlyForDeploymentPostprocessing = 0;
			shellPath = /bin/sh;
			shellScript = "\"${SRCROOT}/Pods/Target Support Files/Pods-LabraFilmsUITests/Pods-LabraFilmsUITests-resources.sh\"\n";
			showEnvVarsInLog = 0;
		};
		8DDADFB82B3D801E0B787CC7 /* [CP] Check Pods Manifest.lock */ = {
			isa = PBXShellScriptBuildPhase;
			buildActionMask = 2147483647;
			files = (
			);
			inputPaths = (
				"${PODS_PODFILE_DIR_PATH}/Podfile.lock",
				"${PODS_ROOT}/Manifest.lock",
			);
			name = "[CP] Check Pods Manifest.lock";
			outputPaths = (
				"$(DERIVED_FILE_DIR)/Pods-LabraFilms-checkManifestLockResult.txt",
			);
			runOnlyForDeploymentPostprocessing = 0;
			shellPath = /bin/sh;
			shellScript = "diff \"${PODS_PODFILE_DIR_PATH}/Podfile.lock\" \"${PODS_ROOT}/Manifest.lock\" > /dev/null\nif [ $? != 0 ] ; then\n    # print error to STDERR\n    echo \"error: The sandbox is not in sync with the Podfile.lock. Run 'pod install' or update your CocoaPods installation.\" >&2\n    exit 1\nfi\n# This output is used by Xcode 'outputs' to avoid re-running this script phase.\necho \"SUCCESS\" > \"${SCRIPT_OUTPUT_FILE_0}\"\n";
			showEnvVarsInLog = 0;
		};
		984D993777F17C059289D703 /* [CP] Embed Pods Frameworks */ = {
			isa = PBXShellScriptBuildPhase;
			buildActionMask = 2147483647;
			files = (
			);
			inputPaths = (
			);
			name = "[CP] Embed Pods Frameworks";
			outputPaths = (
			);
			runOnlyForDeploymentPostprocessing = 0;
			shellPath = /bin/sh;
			shellScript = "\"${SRCROOT}/Pods/Target Support Files/Pods-LabraFilmsUITests/Pods-LabraFilmsUITests-frameworks.sh\"\n";
			showEnvVarsInLog = 0;
		};
		B378F06BD7C51322C1F352E7 /* [CP] Embed Pods Frameworks */ = {
			isa = PBXShellScriptBuildPhase;
			buildActionMask = 2147483647;
			files = (
			);
			inputPaths = (
			);
			name = "[CP] Embed Pods Frameworks";
			outputPaths = (
			);
			runOnlyForDeploymentPostprocessing = 0;
			shellPath = /bin/sh;
			shellScript = "\"${SRCROOT}/Pods/Target Support Files/Pods-LabraFilmsTests/Pods-LabraFilmsTests-frameworks.sh\"\n";
			showEnvVarsInLog = 0;
		};
		EC7734F1C54E2504F2BCB15D /* [CP] Copy Pods Resources */ = {
			isa = PBXShellScriptBuildPhase;
			buildActionMask = 2147483647;
			files = (
			);
			inputPaths = (
			);
			name = "[CP] Copy Pods Resources";
			outputPaths = (
			);
			runOnlyForDeploymentPostprocessing = 0;
			shellPath = /bin/sh;
			shellScript = "\"${SRCROOT}/Pods/Target Support Files/Pods-LabraFilms/Pods-LabraFilms-resources.sh\"\n";
			showEnvVarsInLog = 0;
		};
/* End PBXShellScriptBuildPhase section */

/* Begin PBXSourcesBuildPhase section */
		F50942FB1F4C4DBC00E42A7C /* Sources */ = {
			isa = PBXSourcesBuildPhase;
			buildActionMask = 2147483647;
			files = (
				F5F1E1AD1F5454C1005F40AA /* SearchViewController.swift in Sources */,
				F50943381F4C545D00E42A7C /* Constants.swift in Sources */,
				F5EF3CF11F57E70C006991A3 /* Caps.swift in Sources */,
				F509433A1F4C558900E42A7C /* Film.swift in Sources */,
				F50943071F4C4DBC00E42A7C /* SeriesViewController.swift in Sources */,
				F54E22291F52E070000DB442 /* BaseViewController.swift in Sources */,
				F509433D1F4C58BB00E42A7C /* NetworkManager.swift in Sources */,
				F5EBDB3D1F51811000AA5B0D /* VideoProvider.swift in Sources */,
				F57446F91F5EBE020083EEA1 /* CustomTableViewCell.swift in Sources */,
				F5F5E87C1F4D805F0020B33C /* MovieDetailViewController.swift in Sources */,
				F5F1E1AB1F53F1C0005F40AA /* Series.swift in Sources */,
				F5E7D7721F66748A008152DA /* SeriesDetail.swift in Sources */,
				F5EBDB3B1F517D0500AA5B0D /* ActionSheets.swift in Sources */,
				F50943031F4C4DBC00E42A7C /* AppDelegate.swift in Sources */,
				F50943051F4C4DBC00E42A7C /* MovieViewController.swift in Sources */,
				F5F5E87E1F4D8A620020B33C /* FilmDetail.swift in Sources */,
			);
			runOnlyForDeploymentPostprocessing = 0;
		};
		F50943111F4C4DBC00E42A7C /* Sources */ = {
			isa = PBXSourcesBuildPhase;
			buildActionMask = 2147483647;
			files = (
			);
			runOnlyForDeploymentPostprocessing = 0;
		};
		F509431C1F4C4DBC00E42A7C /* Sources */ = {
			isa = PBXSourcesBuildPhase;
			buildActionMask = 2147483647;
			files = (
			);
			runOnlyForDeploymentPostprocessing = 0;
		};
/* End PBXSourcesBuildPhase section */

/* Begin PBXTargetDependency section */
		F50943171F4C4DBC00E42A7C /* PBXTargetDependency */ = {
			isa = PBXTargetDependency;
			target = F50942FE1F4C4DBC00E42A7C /* LabraFilms */;
			targetProxy = F50943161F4C4DBC00E42A7C /* PBXContainerItemProxy */;
		};
		F50943221F4C4DBC00E42A7C /* PBXTargetDependency */ = {
			isa = PBXTargetDependency;
			target = F50942FE1F4C4DBC00E42A7C /* LabraFilms */;
			targetProxy = F50943211F4C4DBC00E42A7C /* PBXContainerItemProxy */;
		};
/* End PBXTargetDependency section */

/* Begin PBXVariantGroup section */
		F50943081F4C4DBC00E42A7C /* Main.storyboard */ = {
			isa = PBXVariantGroup;
			children = (
				F50943091F4C4DBC00E42A7C /* Base */,
			);
			name = Main.storyboard;
			sourceTree = "<group>";
		};
		F509430D1F4C4DBC00E42A7C /* LaunchScreen.storyboard */ = {
			isa = PBXVariantGroup;
			children = (
				F509430E1F4C4DBC00E42A7C /* Base */,
			);
			name = LaunchScreen.storyboard;
			sourceTree = "<group>";
		};
/* End PBXVariantGroup section */

/* Begin XCBuildConfiguration section */
		F50943271F4C4DBC00E42A7C /* Debug */ = {
			isa = XCBuildConfiguration;
			buildSettings = {
				ALWAYS_SEARCH_USER_PATHS = NO;
				CLANG_ANALYZER_NONNULL = YES;
				CLANG_ANALYZER_NUMBER_OBJECT_CONVERSION = YES_AGGRESSIVE;
				CLANG_CXX_LANGUAGE_STANDARD = "gnu++0x";
				CLANG_CXX_LIBRARY = "libc++";
				CLANG_ENABLE_MODULES = YES;
				CLANG_ENABLE_OBJC_ARC = YES;
				CLANG_WARN_BOOL_CONVERSION = YES;
				CLANG_WARN_CONSTANT_CONVERSION = YES;
				CLANG_WARN_DIRECT_OBJC_ISA_USAGE = YES_ERROR;
				CLANG_WARN_DOCUMENTATION_COMMENTS = YES;
				CLANG_WARN_EMPTY_BODY = YES;
				CLANG_WARN_ENUM_CONVERSION = YES;
				CLANG_WARN_INFINITE_RECURSION = YES;
				CLANG_WARN_INT_CONVERSION = YES;
				CLANG_WARN_OBJC_ROOT_CLASS = YES_ERROR;
				CLANG_WARN_SUSPICIOUS_MOVE = YES;
				CLANG_WARN_UNREACHABLE_CODE = YES;
				CLANG_WARN__DUPLICATE_METHOD_MATCH = YES;
				"CODE_SIGN_IDENTITY[sdk=iphoneos*]" = "iPhone Developer";
				COPY_PHASE_STRIP = NO;
				DEBUG_INFORMATION_FORMAT = dwarf;
				ENABLE_STRICT_OBJC_MSGSEND = YES;
				ENABLE_TESTABILITY = YES;
				GCC_C_LANGUAGE_STANDARD = gnu99;
				GCC_DYNAMIC_NO_PIC = NO;
				GCC_NO_COMMON_BLOCKS = YES;
				GCC_OPTIMIZATION_LEVEL = 0;
				GCC_PREPROCESSOR_DEFINITIONS = (
					"DEBUG=1",
					"$(inherited)",
				);
				GCC_WARN_64_TO_32_BIT_CONVERSION = YES;
				GCC_WARN_ABOUT_RETURN_TYPE = YES_ERROR;
				GCC_WARN_UNDECLARED_SELECTOR = YES;
				GCC_WARN_UNINITIALIZED_AUTOS = YES_AGGRESSIVE;
				GCC_WARN_UNUSED_FUNCTION = YES;
				GCC_WARN_UNUSED_VARIABLE = YES;
				IPHONEOS_DEPLOYMENT_TARGET = 10.3;
				MTL_ENABLE_DEBUG_INFO = YES;
				ONLY_ACTIVE_ARCH = YES;
				SDKROOT = iphoneos;
				SWIFT_ACTIVE_COMPILATION_CONDITIONS = DEBUG;
				SWIFT_OPTIMIZATION_LEVEL = "-Onone";
				TARGETED_DEVICE_FAMILY = "1,2";
			};
			name = Debug;
		};
		F50943281F4C4DBC00E42A7C /* Release */ = {
			isa = XCBuildConfiguration;
			buildSettings = {
				ALWAYS_SEARCH_USER_PATHS = NO;
				CLANG_ANALYZER_NONNULL = YES;
				CLANG_ANALYZER_NUMBER_OBJECT_CONVERSION = YES_AGGRESSIVE;
				CLANG_CXX_LANGUAGE_STANDARD = "gnu++0x";
				CLANG_CXX_LIBRARY = "libc++";
				CLANG_ENABLE_MODULES = YES;
				CLANG_ENABLE_OBJC_ARC = YES;
				CLANG_WARN_BOOL_CONVERSION = YES;
				CLANG_WARN_CONSTANT_CONVERSION = YES;
				CLANG_WARN_DIRECT_OBJC_ISA_USAGE = YES_ERROR;
				CLANG_WARN_DOCUMENTATION_COMMENTS = YES;
				CLANG_WARN_EMPTY_BODY = YES;
				CLANG_WARN_ENUM_CONVERSION = YES;
				CLANG_WARN_INFINITE_RECURSION = YES;
				CLANG_WARN_INT_CONVERSION = YES;
				CLANG_WARN_OBJC_ROOT_CLASS = YES_ERROR;
				CLANG_WARN_SUSPICIOUS_MOVE = YES;
				CLANG_WARN_UNREACHABLE_CODE = YES;
				CLANG_WARN__DUPLICATE_METHOD_MATCH = YES;
				"CODE_SIGN_IDENTITY[sdk=iphoneos*]" = "iPhone Developer";
				COPY_PHASE_STRIP = NO;
				DEBUG_INFORMATION_FORMAT = "dwarf-with-dsym";
				ENABLE_NS_ASSERTIONS = NO;
				ENABLE_STRICT_OBJC_MSGSEND = YES;
				GCC_C_LANGUAGE_STANDARD = gnu99;
				GCC_NO_COMMON_BLOCKS = YES;
				GCC_WARN_64_TO_32_BIT_CONVERSION = YES;
				GCC_WARN_ABOUT_RETURN_TYPE = YES_ERROR;
				GCC_WARN_UNDECLARED_SELECTOR = YES;
				GCC_WARN_UNINITIALIZED_AUTOS = YES_AGGRESSIVE;
				GCC_WARN_UNUSED_FUNCTION = YES;
				GCC_WARN_UNUSED_VARIABLE = YES;
				IPHONEOS_DEPLOYMENT_TARGET = 10.3;
				MTL_ENABLE_DEBUG_INFO = NO;
				SDKROOT = iphoneos;
				SWIFT_OPTIMIZATION_LEVEL = "-Owholemodule";
				TARGETED_DEVICE_FAMILY = "1,2";
				VALIDATE_PRODUCT = YES;
			};
			name = Release;
		};
		F509432A1F4C4DBC00E42A7C /* Debug */ = {
			isa = XCBuildConfiguration;
			baseConfigurationReference = 9BC91FC451626805CF1077A0 /* Pods-LabraFilms.debug.xcconfig */;
			buildSettings = {
				ASSETCATALOG_COMPILER_APPICON_NAME = AppIcon;
				DEVELOPMENT_TEAM = NYBC469U45;
				EMBED_ASSET_PACKS_IN_PRODUCT_BUNDLE = NO;
				FRAMEWORK_SEARCH_PATHS = (
					"$(inherited)",
					"$(PROJECT_DIR)",
				);
				INFOPLIST_FILE = LabraFilms/Info.plist;
				LD_RUNPATH_SEARCH_PATHS = "$(inherited) @executable_path/Frameworks";
				PRODUCT_BUNDLE_IDENTIFIER = vladchuvashov.movier;
				PRODUCT_NAME = "$(TARGET_NAME)";
				SWIFT_VERSION = 3.0;
			};
			name = Debug;
		};
		F509432B1F4C4DBC00E42A7C /* Release */ = {
			isa = XCBuildConfiguration;
			baseConfigurationReference = 08A3AA55FEB409C67EFE527B /* Pods-LabraFilms.release.xcconfig */;
			buildSettings = {
				ASSETCATALOG_COMPILER_APPICON_NAME = AppIcon;
				DEVELOPMENT_TEAM = NYBC469U45;
				EMBED_ASSET_PACKS_IN_PRODUCT_BUNDLE = NO;
				FRAMEWORK_SEARCH_PATHS = (
					"$(inherited)",
					"$(PROJECT_DIR)",
				);
				INFOPLIST_FILE = LabraFilms/Info.plist;
				LD_RUNPATH_SEARCH_PATHS = "$(inherited) @executable_path/Frameworks";
				PRODUCT_BUNDLE_IDENTIFIER = vladchuvashov.movier;
				PRODUCT_NAME = "$(TARGET_NAME)";
				SWIFT_VERSION = 3.0;
			};
			name = Release;
		};
		F509432D1F4C4DBC00E42A7C /* Debug */ = {
			isa = XCBuildConfiguration;
			baseConfigurationReference = 72A2621BDFA64149165964B6 /* Pods-LabraFilmsTests.debug.xcconfig */;
			buildSettings = {
				ALWAYS_EMBED_SWIFT_STANDARD_LIBRARIES = YES;
				BUNDLE_LOADER = "$(TEST_HOST)";
				INFOPLIST_FILE = LabraFilmsTests/Info.plist;
				LD_RUNPATH_SEARCH_PATHS = "$(inherited) @executable_path/Frameworks @loader_path/Frameworks";
				PRODUCT_BUNDLE_IDENTIFIER = vladchuvashov.LabraFilmsTests;
				PRODUCT_NAME = "$(TARGET_NAME)";
				SWIFT_VERSION = 3.0;
				TEST_HOST = "$(BUILT_PRODUCTS_DIR)/LabraFilms.app/LabraFilms";
			};
			name = Debug;
		};
		F509432E1F4C4DBC00E42A7C /* Release */ = {
			isa = XCBuildConfiguration;
			baseConfigurationReference = 5741A369372923BB09AA2525 /* Pods-LabraFilmsTests.release.xcconfig */;
			buildSettings = {
				ALWAYS_EMBED_SWIFT_STANDARD_LIBRARIES = YES;
				BUNDLE_LOADER = "$(TEST_HOST)";
				INFOPLIST_FILE = LabraFilmsTests/Info.plist;
				LD_RUNPATH_SEARCH_PATHS = "$(inherited) @executable_path/Frameworks @loader_path/Frameworks";
				PRODUCT_BUNDLE_IDENTIFIER = vladchuvashov.LabraFilmsTests;
				PRODUCT_NAME = "$(TARGET_NAME)";
				SWIFT_VERSION = 3.0;
				TEST_HOST = "$(BUILT_PRODUCTS_DIR)/LabraFilms.app/LabraFilms";
			};
			name = Release;
		};
		F50943301F4C4DBC00E42A7C /* Debug */ = {
			isa = XCBuildConfiguration;
			baseConfigurationReference = 66453A4D189621FFAB1DE23C /* Pods-LabraFilmsUITests.debug.xcconfig */;
			buildSettings = {
				ALWAYS_EMBED_SWIFT_STANDARD_LIBRARIES = YES;
				INFOPLIST_FILE = LabraFilmsUITests/Info.plist;
				LD_RUNPATH_SEARCH_PATHS = "$(inherited) @executable_path/Frameworks @loader_path/Frameworks";
				PRODUCT_BUNDLE_IDENTIFIER = vladchuvashov.LabraFilmsUITests;
				PRODUCT_NAME = "$(TARGET_NAME)";
				SWIFT_VERSION = 3.0;
				TEST_TARGET_NAME = LabraFilms;
			};
			name = Debug;
		};
		F50943311F4C4DBC00E42A7C /* Release */ = {
			isa = XCBuildConfiguration;
			baseConfigurationReference = 7A1B40AA58D65325A0AB02F4 /* Pods-LabraFilmsUITests.release.xcconfig */;
			buildSettings = {
				ALWAYS_EMBED_SWIFT_STANDARD_LIBRARIES = YES;
				INFOPLIST_FILE = LabraFilmsUITests/Info.plist;
				LD_RUNPATH_SEARCH_PATHS = "$(inherited) @executable_path/Frameworks @loader_path/Frameworks";
				PRODUCT_BUNDLE_IDENTIFIER = vladchuvashov.LabraFilmsUITests;
				PRODUCT_NAME = "$(TARGET_NAME)";
				SWIFT_VERSION = 3.0;
				TEST_TARGET_NAME = LabraFilms;
			};
			name = Release;
		};
/* End XCBuildConfiguration section */

/* Begin XCConfigurationList section */
		F50942FA1F4C4DBC00E42A7C /* Build configuration list for PBXProject "LabraFilms" */ = {
			isa = XCConfigurationList;
			buildConfigurations = (
				F50943271F4C4DBC00E42A7C /* Debug */,
				F50943281F4C4DBC00E42A7C /* Release */,
			);
			defaultConfigurationIsVisible = 0;
			defaultConfigurationName = Release;
		};
		F50943291F4C4DBC00E42A7C /* Build configuration list for PBXNativeTarget "LabraFilms" */ = {
			isa = XCConfigurationList;
			buildConfigurations = (
				F509432A1F4C4DBC00E42A7C /* Debug */,
				F509432B1F4C4DBC00E42A7C /* Release */,
			);
			defaultConfigurationIsVisible = 0;
			defaultConfigurationName = Release;
		};
		F509432C1F4C4DBC00E42A7C /* Build configuration list for PBXNativeTarget "LabraFilmsTests" */ = {
			isa = XCConfigurationList;
			buildConfigurations = (
				F509432D1F4C4DBC00E42A7C /* Debug */,
				F509432E1F4C4DBC00E42A7C /* Release */,
			);
			defaultConfigurationIsVisible = 0;
			defaultConfigurationName = Release;
		};
		F509432F1F4C4DBC00E42A7C /* Build configuration list for PBXNativeTarget "LabraFilmsUITests" */ = {
			isa = XCConfigurationList;
			buildConfigurations = (
				F50943301F4C4DBC00E42A7C /* Debug */,
				F50943311F4C4DBC00E42A7C /* Release */,
			);
			defaultConfigurationIsVisible = 0;
			defaultConfigurationName = Release;
		};
/* End XCConfigurationList section */
	};
	rootObject = F50942F71F4C4DBC00E42A7C /* Project object */;
}
